
Microsoft Visual Studio Solution File, Format Version 12.00
# Visual Studio Version 17
VisualStudioVersion = 17.0.31903.59
MinimumVisualStudioVersion = 10.0.40219.1
Project("{2150E333-8FDC-42A3-9474-1A3956D46DE8}") = "src", "src", "{B2748D56-F97F-4B16-BB1A-76865472A080}"
EndProject
Project("{FAE04EC0-301F-11D3-BF4B-00C04F79EFBC}") = "HoYoLab", "src\HoYoLab\HoYoLab.csproj", "{E8A9CE21-6793-4B2B-B816-D3F329BE0FCD}"
EndProject
Project("{2150E333-8FDC-42A3-9474-1A3956D46DE8}") = "tests", "tests", "{BAE9D5B8-675C-418D-A61D-68FC4CF78149}"
EndProject
Project("{FAE04EC0-301F-11D3-BF4B-00C04F79EFBC}") = "HoYoLab.UnitTests", "tests\HoYoLab.UnitTests\HoYoLab.UnitTests.csproj", "{9B424B7A-2E84-472D-808D-992E197B0B79}"
EndProject
Project("{FAE04EC0-301F-11D3-BF4B-00C04F79EFBC}") = "Sample", "Sample\Sample.csproj", "{54F4EB8B-AAAE-4469-928F-1E98149A6DB0}"
EndProject
Project("{FAE04EC0-301F-11D3-BF4B-00C04F79EFBC}") = "HoYoLab.RedeemCode", "src\HoYoLab.RedeemCode\HoYoLab.RedeemCode.csproj", "{67703D7F-BC06-4EE9-81CE-B014DF6FE51E}"
EndProject
Global
	GlobalSection(SolutionConfigurationPlatforms) = preSolution
		Debug|Any CPU = Debug|Any CPU
		Release|Any CPU = Release|Any CPU
	EndGlobalSection
	GlobalSection(SolutionProperties) = preSolution
		HideSolutionNode = FALSE
	EndGlobalSection
	GlobalSection(ProjectConfigurationPlatforms) = postSolution
		{E8A9CE21-6793-4B2B-B816-D3F329BE0FCD}.Debug|Any CPU.ActiveCfg = Debug|Any CPU
		{E8A9CE21-6793-4B2B-B816-D3F329BE0FCD}.Debug|Any CPU.Build.0 = Debug|Any CPU
		{E8A9CE21-6793-4B2B-B816-D3F329BE0FCD}.Release|Any CPU.ActiveCfg = Release|Any CPU
		{E8A9CE21-6793-4B2B-B816-D3F329BE0FCD}.Release|Any CPU.Build.0 = Release|Any CPU
		{9B424B7A-2E84-472D-808D-992E197B0B79}.Debug|Any CPU.ActiveCfg = Debug|Any CPU
		{9B424B7A-2E84-472D-808D-992E197B0B79}.Debug|Any CPU.Build.0 = Debug|Any CPU
		{9B424B7A-2E84-472D-808D-992E197B0B79}.Release|Any CPU.ActiveCfg = Release|Any CPU
		{9B424B7A-2E84-472D-808D-992E197B0B79}.Release|Any CPU.Build.0 = Release|Any CPU
		{54F4EB8B-AAAE-4469-928F-1E98149A6DB0}.Debug|Any CPU.ActiveCfg = Debug|Any CPU
		{54F4EB8B-AAAE-4469-928F-1E98149A6DB0}.Debug|Any CPU.Build.0 = Debug|Any CPU
		{54F4EB8B-AAAE-4469-928F-1E98149A6DB0}.Release|Any CPU.ActiveCfg = Release|Any CPU
		{54F4EB8B-AAAE-4469-928F-1E98149A6DB0}.Release|Any CPU.Build.0 = Release|Any CPU
		{67703D7F-BC06-4EE9-81CE-B014DF6FE51E}.Debug|Any CPU.ActiveCfg = Debug|Any CPU
		{67703D7F-BC06-4EE9-81CE-B014DF6FE51E}.Debug|Any CPU.Build.0 = Debug|Any CPU
		{67703D7F-BC06-4EE9-81CE-B014DF6FE51E}.Release|Any CPU.ActiveCfg = Release|Any CPU
		{67703D7F-BC06-4EE9-81CE-B014DF6FE51E}.Release|Any CPU.Build.0 = Release|Any CPU
	EndGlobalSection
	GlobalSection(NestedProjects) = preSolution
		{E8A9CE21-6793-4B2B-B816-D3F329BE0FCD} = {B2748D56-F97F-4B16-BB1A-76865472A080}
		{9B424B7A-2E84-472D-808D-992E197B0B79} = {BAE9D5B8-675C-418D-A61D-68FC4CF78149}
		{67703D7F-BC06-4EE9-81CE-B014DF6FE51E} = {B2748D56-F97F-4B16-BB1A-76865472A080}
	EndGlobalSection
EndGlobal
